{
  "version": 1,
  "dependencies": {
    "net8.0": {
      "DotNet.ReproducibleBuilds": {
        "type": "Direct",
        "requested": "[1.2.39, )",
        "resolved": "1.2.39",
        "contentHash": "fcFN01tDTIQqDuTwr1jUQK/geofiwjG5DycJQOnC72i1SsLAk1ELe+apBOuZ11UMQG8YKFZG1FgvjZPbqHyatg=="
      },
      "Microsoft.Extensions.Logging": {
        "type": "Direct",
        "requested": "[9.0.10, )",
        "resolved": "9.0.10",
        "contentHash": "UBXHqE9vyptVhaFnT1R7YJKCve7TqVI10yjjUZBNGMlW2lZ4c031Slt9hxsOzWCzlpPxxIFyf1Yk4a6Iubxx7w==",
        "dependencies": {
          "Microsoft.Extensions.DependencyInjection": "9.0.10",
          "Microsoft.Extensions.Logging.Abstractions": "9.0.10",
          "Microsoft.Extensions.Options": "9.0.10"
        }
      },
      "Microsoft.NET.ILLink.Tasks": {
        "type": "Direct",
        "requested": "[8.0.21, )",
        "resolved": "8.0.21",
        "contentHash": "s8H5PZQs50OcNkaB6Si54+v3GWM7vzs6vxFRMlD3aXsbM+aPCtod62gmK0BYWou9diGzmo56j8cIf/PziijDqQ=="
      },
      "Microsoft.SourceLink.GitHub": {
        "type": "Direct",
        "requested": "[8.0.0, )",
        "resolved": "8.0.0",
        "contentHash": "G5q7OqtwIyGTkeIOAc3u2ZuV/kicQaec5EaRnc0pIeSnh9LUjj+PYQrJYBURvDt7twGl2PKA7nSN0kz1Zw5bnQ==",
        "dependencies": {
          "Microsoft.Build.Tasks.Git": "8.0.0",
          "Microsoft.SourceLink.Common": "8.0.0"
        }
      },
      "StyleCop.Analyzers": {
        "type": "Direct",
        "requested": "[1.2.0-beta.556, )",
        "resolved": "1.2.0-beta.556",
        "contentHash": "llRPgmA1fhC0I0QyFLEcjvtM2239QzKr/tcnbsjArLMJxJlu0AA5G7Fft0OI30pHF3MW63Gf4aSSsjc5m82J1Q==",
        "dependencies": {
          "StyleCop.Analyzers.Unstable": "1.2.0.556"
        }
      },
      "System.Text.Json": {
        "type": "Direct",
        "requested": "[9.0.10, )",
        "resolved": "9.0.10",
        "contentHash": "XM02ZBnzxk7Ti6l9YRy8Bp639wANqJzJzw4W4VYiCh+HXY9hBOWkGB4k89OLP/s/RxgM02P4a/mWcJTgFiLf1Q==",
        "dependencies": {
          "System.IO.Pipelines": "9.0.10",
          "System.Text.Encodings.Web": "9.0.10"
        }
      },
      "Microsoft.Build.Tasks.Git": {
        "type": "Transitive",
        "resolved": "8.0.0",
        "contentHash": "bZKfSIKJRXLTuSzLudMFte/8CempWjVamNUR5eHJizsy+iuOuO/k2gnh7W0dHJmYY0tBf+gUErfluCv5mySAOQ=="
      },
      "Microsoft.Extensions.DependencyInjection": {
        "type": "Transitive",
        "resolved": "9.0.10",
        "contentHash": "iEtXCkNd5XhjNJAOb/wO4IhDRdLIE2CsPxZggZQWJ/q2+sa8dmEPC393nnsiqdH8/4KV8Xn25IzgKPR1UEQ0og==",
        "dependencies": {
          "Microsoft.Extensions.DependencyInjection.Abstractions": "9.0.10"
        }
      },
      "Microsoft.Extensions.DependencyInjection.Abstractions": {
        "type": "Transitive",
        "resolved": "9.0.10",
        "contentHash": "r9waLiOPe9ZF1PvzUT+RDoHvpMmY8MW+lb4lqjYGObwKpnyPMLI3odVvlmshwuZcdoHynsGWOrCPA0hxZ63lIA=="
      },
      "Microsoft.Extensions.Logging.Abstractions": {
        "type": "Transitive",
        "resolved": "9.0.10",
        "contentHash": "MFUPv/nN1rAQ19w43smm6bbf0JDYN/1HEPHoiMYY50pvDMFpglzWAuoTavByDmZq7UuhjaxwrET3joU69ZHoHQ==",
        "dependencies": {
          "Microsoft.Extensions.DependencyInjection.Abstractions": "9.0.10",
          "System.Diagnostics.DiagnosticSource": "9.0.10"
        }
      },
      "Microsoft.Extensions.Options": {
        "type": "Transitive",
        "resolved": "9.0.10",
        "contentHash": "zMNABt8eBv0B0XrWjFy9nZNgddavaOeq3ZdaD5IlHhRH65MrU7HM+Hd8GjWE3e2VDGFPZFfSAc6XVXC17f9fOA==",
        "dependencies": {
          "Microsoft.Extensions.DependencyInjection.Abstractions": "9.0.10",
          "Microsoft.Extensions.Primitives": "9.0.10"
        }
      },
      "Microsoft.Extensions.Primitives": {
        "type": "Transitive",
        "resolved": "9.0.10",
        "contentHash": "3pl8D1O5ZwMpDkZAT2uXrhQ6NipkwEgDLMFuURiHTf72TvkoMP61QYH3Vk1yrzVHnHBdNZk3cQACz8Zc7YGNhQ=="
      },
      "Microsoft.SourceLink.Common": {
        "type": "Transitive",
        "resolved": "8.0.0",
        "contentHash": "dk9JPxTCIevS75HyEQ0E4OVAFhB2N+V9ShCXf8Q6FkUQZDkgLI12y679Nym1YqsiSysuQskT7Z+6nUf3yab6Vw=="
      },
      "StyleCop.Analyzers.Unstable": {
        "type": "Transitive",
        "resolved": "1.2.0.556",
        "contentHash": "zvn9Mqs/ox/83cpYPignI8hJEM2A93s2HkHs8HYMOAQW0PkampyoErAiIyKxgTLqbbad29HX/shv/6LGSjPJNQ=="
      },
      "System.Diagnostics.DiagnosticSource": {
        "type": "Transitive",
        "resolved": "9.0.10",
        "contentHash": "uIpKiKp7EWlYZBK71jYP+maGYjDY9YTi/FxBlZoqDzM1ZHZB7gLqUm4jHvRFwaKfR1/Lrt2rQih9LGPIKyNEow=="
      },
      "System.IO.Pipelines": {
        "type": "Transitive",
        "resolved": "9.0.10",
        "contentHash": "lwI0mhHcCxMtNSxB5ate9Gc9petWovRBUprtjz2yiIDDZPGBIaUiqNzQHJzjPuzTnvNbEMilpAXjDguKsU/2Fg=="
      },
      "System.Text.Encodings.Web": {
        "type": "Transitive",
        "resolved": "9.0.10",
        "contentHash": "znmiJFUa0GGwq7t6ShUKBDRlPsNJaudNFI7rVeyGnRBhiRMegBvu2GRcadThP/QX/a5UpGgZbe6tolDooobj/Q=="
      }
    },
    "net9.0": {
      "DotNet.ReproducibleBuilds": {
        "type": "Direct",
        "requested": "[1.2.39, )",
        "resolved": "1.2.39",
        "contentHash": "fcFN01tDTIQqDuTwr1jUQK/geofiwjG5DycJQOnC72i1SsLAk1ELe+apBOuZ11UMQG8YKFZG1FgvjZPbqHyatg=="
      },
      "Microsoft.Extensions.Logging": {
        "type": "Direct",
        "requested": "[9.0.1, )",
        "resolved": "9.0.1",
        "contentHash": "E/k5r7S44DOW+08xQPnNbO8DKAQHhkspDboTThNJ6Z3/QBb4LC6gStNWzVmy3IvW7sUD+iJKf4fj0xEkqE7vnQ==",
        "dependencies": {
          "Microsoft.Extensions.DependencyInjection": "9.0.1",
          "Microsoft.Extensions.Logging.Abstractions": "9.0.1",
          "Microsoft.Extensions.Options": "9.0.1"
        }
      },
      "Microsoft.NET.ILLink.Tasks": {
        "type": "Direct",
        "requested": "[9.0.10, )",
        "resolved": "9.0.10",
        "contentHash": "sseaSJcBxKEpkc59hnB00b3NmJdGvJLfj74HK+nucHxERxbZSUREuWKjC9ywc+HdzJvJyiP2eiyEOROaGSfcPw=="
      },
      "Microsoft.SourceLink.GitHub": {
        "type": "Direct",
        "requested": "[8.0.0, )",
        "resolved": "8.0.0",
        "contentHash": "G5q7OqtwIyGTkeIOAc3u2ZuV/kicQaec5EaRnc0pIeSnh9LUjj+PYQrJYBURvDt7twGl2PKA7nSN0kz1Zw5bnQ==",
        "dependencies": {
          "Microsoft.Build.Tasks.Git": "8.0.0",
          "Microsoft.SourceLink.Common": "8.0.0"
        }
      },
      "StyleCop.Analyzers": {
        "type": "Direct",
        "requested": "[1.2.0-beta.556, )",
        "resolved": "1.2.0-beta.556",
        "contentHash": "llRPgmA1fhC0I0QyFLEcjvtM2239QzKr/tcnbsjArLMJxJlu0AA5G7Fft0OI30pHF3MW63Gf4aSSsjc5m82J1Q==",
        "dependencies": {
          "StyleCop.Analyzers.Unstable": "1.2.0.556"
        }
      },
      "System.Text.Json": {
        "type": "Direct",
        "requested": "[9.0.10, )",
        "resolved": "9.0.10",
        "contentHash": "XM02ZBnzxk7Ti6l9YRy8Bp639wANqJzJzw4W4VYiCh+HXY9hBOWkGB4k89OLP/s/RxgM02P4a/mWcJTgFiLf1Q=="
      },
      "Microsoft.Build.Tasks.Git": {
        "type": "Transitive",
        "resolved": "8.0.0",
        "contentHash": "bZKfSIKJRXLTuSzLudMFte/8CempWjVamNUR5eHJizsy+iuOuO/k2gnh7W0dHJmYY0tBf+gUErfluCv5mySAOQ=="
      },
      "Microsoft.Extensions.DependencyInjection": {
        "type": "Transitive",
        "resolved": "9.0.1",
        "contentHash": "qZI42ASAe3hr2zMSA6UjM92pO1LeDq5DcwkgSowXXPY8I56M76pEKrnmsKKbxagAf39AJxkH2DY4sb72ixyOrg==",
        "dependencies": {
          "Microsoft.Extensions.DependencyInjection.Abstractions": "9.0.1"
        }
      },
      "Microsoft.Extensions.DependencyInjection.Abstractions": {
        "type": "Transitive",
        "resolved": "9.0.1",
        "contentHash": "Tr74eP0oQ3AyC24ch17N8PuEkrPbD0JqIfENCYqmgKYNOmL8wQKzLJu3ObxTUDrjnn4rHoR1qKa37/eQyHmCDA=="
      },
      "Microsoft.Extensions.Logging.Abstractions": {
        "type": "Transitive",
        "resolved": "9.0.1",
        "contentHash": "w2gUqXN/jNIuvqYwX3lbXagsizVNXYyt6LlF57+tMve4JYCEgCMMAjRce6uKcDASJgpMbErRT1PfHy2OhbkqEA==",
        "dependencies": {
          "Microsoft.Extensions.DependencyInjection.Abstractions": "9.0.1"
        }
      },
      "Microsoft.Extensions.Options": {
        "type": "Transitive",
        "resolved": "9.0.1",
        "contentHash": "nggoNKnWcsBIAaOWHA+53XZWrslC7aGeok+aR+epDPRy7HI7GwMnGZE8yEsL2Onw7kMOHVHwKcsDls1INkNUJQ==",
        "dependencies": {
          "Microsoft.Extensions.DependencyInjection.Abstractions": "9.0.1",
          "Microsoft.Extensions.Primitives": "9.0.1"
        }
      },
      "Microsoft.Extensions.Primitives": {
        "type": "Transitive",
        "resolved": "9.0.1",
        "contentHash": "bHtTesA4lrSGD1ZUaMIx6frU3wyy0vYtTa/hM6gGQu5QNrydObv8T5COiGUWsisflAfmsaFOe9Xvw5NSO99z0g=="
      },
      "Microsoft.SourceLink.Common": {
        "type": "Transitive",
        "resolved": "8.0.0",
        "contentHash": "dk9JPxTCIevS75HyEQ0E4OVAFhB2N+V9ShCXf8Q6FkUQZDkgLI12y679Nym1YqsiSysuQskT7Z+6nUf3yab6Vw=="
      },
      "StyleCop.Analyzers.Unstable": {
        "type": "Transitive",
        "resolved": "1.2.0.556",
        "contentHash": "zvn9Mqs/ox/83cpYPignI8hJEM2A93s2HkHs8HYMOAQW0PkampyoErAiIyKxgTLqbbad29HX/shv/6LGSjPJNQ=="
      }
    }
  }
}